
Microsoft Visual Studio Solution File, Format Version 12.00
# Visual Studio Version 17
VisualStudioVersion = 17.14.36705.20
MinimumVisualStudioVersion = 10.0.40219.1
Project("{FAE04EC0-301F-11D3-BF4B-00C04F79EFBC}") = "HouseRentingSystemApi", "HouseRentingSystemApi\HouseRentingSystemApi.csproj", "{65B1F398-A84E-495C-AC32-0747B1C2275B}"
EndProject
Project("{FAE04EC0-301F-11D3-BF4B-00C04F79EFBC}") = "HouseRentingSystemApi.Data", "HouseRentingSystemApi.Data\HouseRentingSystemApi.Data.csproj", "{B22079C5-8784-4B3D-86B3-D6D13596C4AB}"
EndProject
Global
	GlobalSection(SolutionConfigurationPlatforms) = preSolution
		Debug|Any CPU = Debug|Any CPU
		Release|Any CPU = Release|Any CPU
	EndGlobalSection
	GlobalSection(ProjectConfigurationPlatforms) = postSolution
		{65B1F398-A84E-495C-AC32-0747B1C2275B}.Debug|Any CPU.ActiveCfg = Debug|Any CPU
		{65B1F398-A84E-495C-AC32-0747B1C2275B}.Debug|Any CPU.Build.0 = Debug|Any CPU
		{65B1F398-A84E-495C-AC32-0747B1C2275B}.Release|Any CPU.ActiveCfg = Release|Any CPU
		{65B1F398-A84E-495C-AC32-0747B1C2275B}.Release|Any CPU.Build.0 = Release|Any CPU
		{B22079C5-8784-4B3D-86B3-D6D13596C4AB}.Debug|Any CPU.ActiveCfg = Debug|Any CPU
		{B22079C5-8784-4B3D-86B3-D6D13596C4AB}.Debug|Any CPU.Build.0 = Debug|Any CPU
		{B22079C5-8784-4B3D-86B3-D6D13596C4AB}.Release|Any CPU.ActiveCfg = Release|Any CPU
		{B22079C5-8784-4B3D-86B3-D6D13596C4AB}.Release|Any CPU.Build.0 = Release|Any CPU
	EndGlobalSection
	GlobalSection(SolutionProperties) = preSolution
		HideSolutionNode = FALSE
	EndGlobalSection
	GlobalSection(ExtensibilityGlobals) = postSolution
		SolutionGuid = {13EEFAB7-536D-4C56-B291-42400A2780A2}
	EndGlobalSection
EndGlobal
